PODS:
  - Flutter (1.0.0)
  - intelligence (0.0.1):
    - Flutter
    - SQLite.swift (~> 0.14.0)
  - SQLite.swift (0.14.1):
    - SQLite.swift/standard (= 0.14.1)
  - SQLite.swift/standard (0.14.1)

DEPENDENCIES:
  - Flutter (from `Flutter`)
  - intelligence (from `.symlinks/plugins/intelligence/ios`)

SPEC REPOS:
  trunk:
    - SQLite.swift

EXTERNAL SOURCES:
  Flutter:
    :path: Flutter
  intelligence:
    :path: ".symlinks/plugins/intelligence/ios"

SPEC CHECKSUMS:
  Flutter: e0871f40cf51350855a761d2e70bf5af5b9b5de7
  intelligence: 15222bed61d1cd5bb8247b4bf4189ee70ef9f774
  SQLite.swift: 2992550ebf3c5b268bf4352603e3df87d2a4ed72

PODFILE CHECKSUM: 819463e6a0290f5a72f145ba7cde16e8b6ef0796

COCOAPODS: 1.16.2
